
Microsoft Visual Studio Solution File, Format Version 12.00
# Visual Studio Version 16
VisualStudioVersion = 16.0.30804.86
MinimumVisualStudioVersion = 10.0.40219.1
Project("{FAE04EC0-301F-11D3-BF4B-00C04F79EFBC}") = "Matriz_07", "Matriz_07\Matriz_07.csproj", "{EBFF90C1-8CFE-49FB-B580-E1F51B8FF4EB}"
EndProject
Global
	GlobalSection(SolutionConfigurationPlatforms) = preSolution
		Debug|Any CPU = Debug|Any CPU
		Release|Any CPU = Release|Any CPU
	EndGlobalSection
	GlobalSection(ProjectConfigurationPlatforms) = postSolution
		{EBFF90C1-8CFE-49FB-B580-E1F51B8FF4EB}.Debug|Any CPU.ActiveCfg = Debug|Any CPU
		{EBFF90C1-8CFE-49FB-B580-E1F51B8FF4EB}.Debug|Any CPU.Build.0 = Debug|Any CPU
		{EBFF90C1-8CFE-49FB-B580-E1F51B8FF4EB}.Release|Any CPU.ActiveCfg = Release|Any CPU
		{EBFF90C1-8CFE-49FB-B580-E1F51B8FF4EB}.Release|Any CPU.Build.0 = Release|Any CPU
	EndGlobalSection
	GlobalSection(SolutionProperties) = preSolution
		HideSolutionNode = FALSE
	EndGlobalSection
	GlobalSection(ExtensibilityGlobals) = postSolution
		SolutionGuid = {D9D9C613-9461-4E55-8A40-8704423D23AC}
	EndGlobalSection
EndGlobal
