
Microsoft Visual Studio Solution File, Format Version 12.00
# Visual Studio Version 16
VisualStudioVersion = 16.0.30907.101
MinimumVisualStudioVersion = 10.0.40219.1
Project("{FAE04EC0-301F-11D3-BF4B-00C04F79EFBC}") = "Exer04-class", "Exer04-class\Exer04-class.csproj", "{CE31E044-A959-4766-B8D4-016872177928}"
EndProject
Global
	GlobalSection(SolutionConfigurationPlatforms) = preSolution
		Debug|Any CPU = Debug|Any CPU
		Release|Any CPU = Release|Any CPU
	EndGlobalSection
	GlobalSection(ProjectConfigurationPlatforms) = postSolution
		{CE31E044-A959-4766-B8D4-016872177928}.Debug|Any CPU.ActiveCfg = Debug|Any CPU
		{CE31E044-A959-4766-B8D4-016872177928}.Debug|Any CPU.Build.0 = Debug|Any CPU
		{CE31E044-A959-4766-B8D4-016872177928}.Release|Any CPU.ActiveCfg = Release|Any CPU
		{CE31E044-A959-4766-B8D4-016872177928}.Release|Any CPU.Build.0 = Release|Any CPU
	EndGlobalSection
	GlobalSection(SolutionProperties) = preSolution
		HideSolutionNode = FALSE
	EndGlobalSection
	GlobalSection(ExtensibilityGlobals) = postSolution
		SolutionGuid = {39C06EF4-CF35-4362-B2D6-FB4FD13A33E5}
	EndGlobalSection
EndGlobal
