
Microsoft Visual Studio Solution File, Format Version 12.00
# Visual Studio Version 16
VisualStudioVersion = 16.0.30804.86
MinimumVisualStudioVersion = 10.0.40219.1
Project("{9A19103F-16F7-4668-BE54-9A1E7A4F7556}") = "Exer-01", "Exer-01\Exer-01.csproj", "{C6C1BAC1-D334-43AC-937E-FCCFDFD50649}"
EndProject
Global
	GlobalSection(SolutionConfigurationPlatforms) = preSolution
		Debug|Any CPU = Debug|Any CPU
		Release|Any CPU = Release|Any CPU
	EndGlobalSection
	GlobalSection(ProjectConfigurationPlatforms) = postSolution
		{C6C1BAC1-D334-43AC-937E-FCCFDFD50649}.Debug|Any CPU.ActiveCfg = Debug|Any CPU
		{C6C1BAC1-D334-43AC-937E-FCCFDFD50649}.Debug|Any CPU.Build.0 = Debug|Any CPU
		{C6C1BAC1-D334-43AC-937E-FCCFDFD50649}.Release|Any CPU.ActiveCfg = Release|Any CPU
		{C6C1BAC1-D334-43AC-937E-FCCFDFD50649}.Release|Any CPU.Build.0 = Release|Any CPU
	EndGlobalSection
	GlobalSection(SolutionProperties) = preSolution
		HideSolutionNode = FALSE
	EndGlobalSection
	GlobalSection(ExtensibilityGlobals) = postSolution
		SolutionGuid = {D58CF02A-4C6E-4857-8DA9-08AD8E5C3C36}
	EndGlobalSection
EndGlobal
