
Microsoft Visual Studio Solution File, Format Version 12.00
# Visual Studio Version 16
VisualStudioVersion = 16.0.30907.101
MinimumVisualStudioVersion = 10.0.40219.1
Project("{FAE04EC0-301F-11D3-BF4B-00C04F79EFBC}") = "ConversorDeMoeda", "ConversorDeMoeda\ConversorDeMoeda.csproj", "{5E0BC84D-9F74-4014-AE9F-31ABFDF5FE9D}"
EndProject
Global
	GlobalSection(SolutionConfigurationPlatforms) = preSolution
		Debug|Any CPU = Debug|Any CPU
		Release|Any CPU = Release|Any CPU
	EndGlobalSection
	GlobalSection(ProjectConfigurationPlatforms) = postSolution
		{5E0BC84D-9F74-4014-AE9F-31ABFDF5FE9D}.Debug|Any CPU.ActiveCfg = Debug|Any CPU
		{5E0BC84D-9F74-4014-AE9F-31ABFDF5FE9D}.Debug|Any CPU.Build.0 = Debug|Any CPU
		{5E0BC84D-9F74-4014-AE9F-31ABFDF5FE9D}.Release|Any CPU.ActiveCfg = Release|Any CPU
		{5E0BC84D-9F74-4014-AE9F-31ABFDF5FE9D}.Release|Any CPU.Build.0 = Release|Any CPU
	EndGlobalSection
	GlobalSection(SolutionProperties) = preSolution
		HideSolutionNode = FALSE
	EndGlobalSection
	GlobalSection(ExtensibilityGlobals) = postSolution
		SolutionGuid = {158A668E-07EE-4B0C-A6C8-EF6570A7CFC7}
	EndGlobalSection
EndGlobal
