
Microsoft Visual Studio Solution File, Format Version 12.00
# Visual Studio Version 16
VisualStudioVersion = 16.0.30907.101
MinimumVisualStudioVersion = 10.0.40219.1
Project("{FAE04EC0-301F-11D3-BF4B-00C04F79EFBC}") = "Exer-List01", "Exer-List01\Exer-List01.csproj", "{AAF6A2C4-505F-49DC-9A34-260F9C454755}"
EndProject
Global
	GlobalSection(SolutionConfigurationPlatforms) = preSolution
		Debug|Any CPU = Debug|Any CPU
		Release|Any CPU = Release|Any CPU
	EndGlobalSection
	GlobalSection(ProjectConfigurationPlatforms) = postSolution
		{AAF6A2C4-505F-49DC-9A34-260F9C454755}.Debug|Any CPU.ActiveCfg = Debug|Any CPU
		{AAF6A2C4-505F-49DC-9A34-260F9C454755}.Debug|Any CPU.Build.0 = Debug|Any CPU
		{AAF6A2C4-505F-49DC-9A34-260F9C454755}.Release|Any CPU.ActiveCfg = Release|Any CPU
		{AAF6A2C4-505F-49DC-9A34-260F9C454755}.Release|Any CPU.Build.0 = Release|Any CPU
	EndGlobalSection
	GlobalSection(SolutionProperties) = preSolution
		HideSolutionNode = FALSE
	EndGlobalSection
	GlobalSection(ExtensibilityGlobals) = postSolution
		SolutionGuid = {E608B1D8-5079-469E-881F-0A862E621B63}
	EndGlobalSection
EndGlobal
