
Microsoft Visual Studio Solution File, Format Version 12.00
# Visual Studio Version 16
VisualStudioVersion = 16.0.30907.101
MinimumVisualStudioVersion = 10.0.40219.1
Project("{FAE04EC0-301F-11D3-BF4B-00C04F79EFBC}") = "Exer07-class", "Exer07-class\Exer07-class.csproj", "{A859EBF1-D424-4300-8CA4-2A563AE62896}"
EndProject
Global
	GlobalSection(SolutionConfigurationPlatforms) = preSolution
		Debug|Any CPU = Debug|Any CPU
		Release|Any CPU = Release|Any CPU
	EndGlobalSection
	GlobalSection(ProjectConfigurationPlatforms) = postSolution
		{A859EBF1-D424-4300-8CA4-2A563AE62896}.Debug|Any CPU.ActiveCfg = Debug|Any CPU
		{A859EBF1-D424-4300-8CA4-2A563AE62896}.Debug|Any CPU.Build.0 = Debug|Any CPU
		{A859EBF1-D424-4300-8CA4-2A563AE62896}.Release|Any CPU.ActiveCfg = Release|Any CPU
		{A859EBF1-D424-4300-8CA4-2A563AE62896}.Release|Any CPU.Build.0 = Release|Any CPU
	EndGlobalSection
	GlobalSection(SolutionProperties) = preSolution
		HideSolutionNode = FALSE
	EndGlobalSection
	GlobalSection(ExtensibilityGlobals) = postSolution
		SolutionGuid = {5115DD24-973C-4603-AA94-28F4006D6F61}
	EndGlobalSection
EndGlobal
